
Microsoft Visual Studio Solution File, Format Version 12.00
# Visual Studio 15
VisualStudioVersion = 15.0.27703.2026
MinimumVisualStudioVersion = 10.0.40219.1
Project("{FAE04EC0-301F-11D3-BF4B-00C04F79EFBC}") = "InterfazGrafica", "InterfazGrafica\InterfazGrafica.csproj", "{690858A7-3B4C-4FAA-910D-EF965CD68E6E}"
EndProject
Global
	GlobalSection(SolutionConfigurationPlatforms) = preSolution
		Debug|Any CPU = Debug|Any CPU
		Release|Any CPU = Release|Any CPU
	EndGlobalSection
	GlobalSection(ProjectConfigurationPlatforms) = postSolution
		{690858A7-3B4C-4FAA-910D-EF965CD68E6E}.Debug|Any CPU.ActiveCfg = Debug|Any CPU
		{690858A7-3B4C-4FAA-910D-EF965CD68E6E}.Debug|Any CPU.Build.0 = Debug|Any CPU
		{690858A7-3B4C-4FAA-910D-EF965CD68E6E}.Release|Any CPU.ActiveCfg = Release|Any CPU
		{690858A7-3B4C-4FAA-910D-EF965CD68E6E}.Release|Any CPU.Build.0 = Release|Any CPU
	EndGlobalSection
	GlobalSection(SolutionProperties) = preSolution
		HideSolutionNode = FALSE
	EndGlobalSection
	GlobalSection(ExtensibilityGlobals) = postSolution
		SolutionGuid = {8B860E16-A257-49A4-8BB6-81E8E941E27C}
	EndGlobalSection
EndGlobal
